# This file is automatically @generated by Cargo.
# It is not intended for manual editing.
version = 4

[[package]]
name = "korr-engine"
version = "0.0.0"

[[package]]
name = "korr-random"
version = "0.0.0"

[[package]]
name = "korr-server"
version = "0.0.0"
dependencies = [
 "korr-engine",
]

[[package]]
name = "korr-sim-cli"
version = "0.0.0"
dependencies = [
 "korr-random",
]
